
Microsoft Visual Studio Solution File, Format Version 12.00
# Visual Studio Version 16
VisualStudioVersion = 16.0.33130.400
MinimumVisualStudioVersion = 10.0.40219.1
Project("{FAE04EC0-301F-11D3-BF4B-00C04F79EFBC}") = "LKDT", "LKDT\LKDT.csproj", "{36405E1E-E14B-46D2-AEF1-F510834C81B1}"
EndProject
Global
	GlobalSection(SolutionConfigurationPlatforms) = preSolution
		Debug|Any CPU = Debug|Any CPU
		Release|Any CPU = Release|Any CPU
	EndGlobalSection
	GlobalSection(ProjectConfigurationPlatforms) = postSolution
		{36405E1E-E14B-46D2-AEF1-F510834C81B1}.Debug|Any CPU.ActiveCfg = Debug|Any CPU
		{36405E1E-E14B-46D2-AEF1-F510834C81B1}.Debug|Any CPU.Build.0 = Debug|Any CPU
		{36405E1E-E14B-46D2-AEF1-F510834C81B1}.Release|Any CPU.ActiveCfg = Release|Any CPU
		{36405E1E-E14B-46D2-AEF1-F510834C81B1}.Release|Any CPU.Build.0 = Release|Any CPU
	EndGlobalSection
	GlobalSection(SolutionProperties) = preSolution
		HideSolutionNode = FALSE
	EndGlobalSection
	GlobalSection(ExtensibilityGlobals) = postSolution
		SolutionGuid = {5FB663F8-ADE6-497F-9D66-9EBB02C370F4}
	EndGlobalSection
EndGlobal
